<?xml version="1.0" encoding="utf-8"?>
<Project ToolsVersion="4.0" xmlns="http://schemas.microsoft.com/developer/msbuild/2003">
  <ItemGroup>
    <Filter Include="Source Files">
      <UniqueIdentifier>{4FC737F1-C7A5-4376-A066-2A32D752A2FF}</UniqueIdentifier>
      <Extensions>cpp;c;cc;cxx;def;odl;idl;hpj;bat;asm;asmx</Extensions>
    </Filter>
    <Filter Include="Header Files">
      <UniqueIdentifier>{93995380-89BD-4b04-88EB-625FBE52EBFB}</UniqueIdentifier>
      <Extensions>h;hh;hpp;hxx;hm;inl;inc;xsd</Extensions>
    </Filter>
    <Filter Include="Resource Files">
      <UniqueIdentifier>{67DA6AB6-F800-4c08-8B7A-83BB121AAD01}</UniqueIdentifier>
      <Extensions>rc;ico;cur;bmp;dlg;rc2;rct;bin;rgs;gif;jpg;jpeg;jpe;resx;tiff;tif;png;wav</Extensions>
    </Filter>
  </ItemGroup>
  <ItemGroup>
    <ClCompile Include="base\application.cpp">
      <Filter>Source Files</Filter>
    </ClCompile>
    <ClCompile Include="base\checkFinite.cpp">
      <Filter>Source Files</Filter>
    </ClCompile>
    <ClCompile Include="base\clockWC.cpp">
      <Filter>Source Files</Filter>
    </ClCompile>
    <ClCompile Include="base\ct2ctml.cpp">
      <Filter>Source Files</Filter>
    </ClCompile>
    <ClCompile Include="base\ctexceptions.cpp">
      <Filter>Source Files</Filter>
    </ClCompile>
    <ClCompile Include="base\ctml.cpp">
      <Filter>Source Files</Filter>
    </ClCompile>
    <ClCompile Include="base\global.cpp">
      <Filter>Source Files</Filter>
    </ClCompile>
    <ClCompile Include="base\plots.cpp">
      <Filter>Source Files</Filter>
    </ClCompile>
    <ClCompile Include="base\stringUtils.cpp">
      <Filter>Source Files</Filter>
    </ClCompile>
    <ClCompile Include="base\ValueCache.cpp">
      <Filter>Source Files</Filter>
    </ClCompile>
    <ClCompile Include="base\xml.cpp">
      <Filter>Source Files</Filter>
    </ClCompile>
    <ClCompile Include="clib\ct.cpp">
      <Filter>Source Files</Filter>
    </ClCompile>
    <ClCompile Include="clib\ctfunc.cpp">
      <Filter>Source Files</Filter>
    </ClCompile>
    <ClCompile Include="clib\ctmultiphase.cpp">
      <Filter>Source Files</Filter>
    </ClCompile>
    <ClCompile Include="clib\ctonedim.cpp">
      <Filter>Source Files</Filter>
    </ClCompile>
    <ClCompile Include="clib\ctreactor.cpp">
      <Filter>Source Files</Filter>
    </ClCompile>
    <ClCompile Include="clib\ctrpath.cpp">
      <Filter>Source Files</Filter>
    </ClCompile>
    <ClCompile Include="clib\ctsurf.cpp">
      <Filter>Source Files</Filter>
    </ClCompile>
    <ClCompile Include="clib\ctxml.cpp">
      <Filter>Source Files</Filter>
    </ClCompile>
    <ClCompile Include="equil\BasisOptimize.cpp">
      <Filter>Source Files</Filter>
    </ClCompile>
    <ClCompile Include="equil\ChemEquil.cpp">
      <Filter>Source Files</Filter>
    </ClCompile>
    <ClCompile Include="equil\MultiPhase.cpp">
      <Filter>Source Files</Filter>
    </ClCompile>
    <ClCompile Include="equil\MultiPhaseEquil.cpp">
      <Filter>Source Files</Filter>
    </ClCompile>
    <ClCompile Include="equil\vcs_elem.cpp">
      <Filter>Source Files</Filter>
    </ClCompile>
    <ClCompile Include="equil\vcs_elem_rearrange.cpp">
      <Filter>Source Files</Filter>
    </ClCompile>
    <ClCompile Include="equil\vcs_Gibbs.cpp">
      <Filter>Source Files</Filter>
    </ClCompile>
    <ClCompile Include="equil\vcs_inest.cpp">
      <Filter>Source Files</Filter>
    </ClCompile>
    <ClCompile Include="equil\vcs_MultiPhaseEquil.cpp">
      <Filter>Source Files</Filter>
    </ClCompile>
    <ClCompile Include="equil\vcs_nondim.cpp">
      <Filter>Source Files</Filter>
    </ClCompile>
    <ClCompile Include="equil\vcs_phaseStability.cpp">
      <Filter>Source Files</Filter>
    </ClCompile>
    <ClCompile Include="equil\vcs_prep.cpp">
      <Filter>Source Files</Filter>
    </ClCompile>
    <ClCompile Include="equil\vcs_prob.cpp">
      <Filter>Source Files</Filter>
    </ClCompile>
    <ClCompile Include="equil\vcs_rearrange.cpp">
      <Filter>Source Files</Filter>
    </ClCompile>
    <ClCompile Include="equil\vcs_report.cpp">
      <Filter>Source Files</Filter>
    </ClCompile>
    <ClCompile Include="equil\vcs_rxnadj.cpp">
      <Filter>Source Files</Filter>
    </ClCompile>
    <ClCompile Include="equil\vcs_setMolesLinProg.cpp">
      <Filter>Source Files</Filter>
    </ClCompile>
    <ClCompile Include="equil\vcs_solve.cpp">
      <Filter>Source Files</Filter>
    </ClCompile>
    <ClCompile Include="equil\vcs_solve_phaseStability.cpp">
      <Filter>Source Files</Filter>
    </ClCompile>
    <ClCompile Include="equil\vcs_solve_TP.cpp">
      <Filter>Source Files</Filter>
    </ClCompile>
    <ClCompile Include="equil\vcs_SpeciesProperties.cpp">
      <Filter>Source Files</Filter>
    </ClCompile>
    <ClCompile Include="equil\vcs_species_thermo.cpp">
      <Filter>Source Files</Filter>
    </ClCompile>
    <ClCompile Include="equil\vcs_TP.cpp">
      <Filter>Source Files</Filter>
    </ClCompile>
    <ClCompile Include="equil\vcs_util.cpp">
      <Filter>Source Files</Filter>
    </ClCompile>
    <ClCompile Include="equil\vcs_VolPhase.cpp">
      <Filter>Source Files</Filter>
    </ClCompile>
    <ClCompile Include="fortran\fct.cpp">
      <Filter>Source Files</Filter>
    </ClCompile>
    <ClCompile Include="fortran\fctxml.cpp">
      <Filter>Source Files</Filter>
    </ClCompile>
    <ClCompile Include="kinetics\AqueousKinetics.cpp">
      <Filter>Source Files</Filter>
    </ClCompile>
    <ClCompile Include="kinetics\BulkKinetics.cpp">
      <Filter>Source Files</Filter>
    </ClCompile>
    <ClCompile Include="kinetics\Falloff.cpp">
      <Filter>Source Files</Filter>
    </ClCompile>
    <ClCompile Include="kinetics\FalloffFactory.cpp">
      <Filter>Source Files</Filter>
    </ClCompile>
    <ClCompile Include="kinetics\GasKinetics.cpp">
      <Filter>Source Files</Filter>
    </ClCompile>
    <ClCompile Include="kinetics\Group.cpp">
      <Filter>Source Files</Filter>
    </ClCompile>
    <ClCompile Include="kinetics\ImplicitSurfChem.cpp">
      <Filter>Source Files</Filter>
    </ClCompile>
    <ClCompile Include="kinetics\importKinetics.cpp">
      <Filter>Source Files</Filter>
    </ClCompile>
    <ClCompile Include="kinetics\InterfaceKinetics.cpp">
      <Filter>Source Files</Filter>
    </ClCompile>
    <ClCompile Include="kinetics\Kinetics.cpp">
      <Filter>Source Files</Filter>
    </ClCompile>
    <ClCompile Include="kinetics\KineticsFactory.cpp">
      <Filter>Source Files</Filter>
    </ClCompile>
    <ClCompile Include="kinetics\Reaction.cpp">
      <Filter>Source Files</Filter>
    </ClCompile>
    <ClCompile Include="kinetics\ReactionPath.cpp">
      <Filter>Source Files</Filter>
    </ClCompile>
    <ClCompile Include="kinetics\RxnRates.cpp">
      <Filter>Source Files</Filter>
    </ClCompile>
    <ClCompile Include="kinetics\solveSP.cpp">
      <Filter>Source Files</Filter>
    </ClCompile>
    <ClCompile Include="matlab\ctfunctions.cpp">
      <Filter>Source Files</Filter>
    </ClCompile>
    <ClCompile Include="matlab\ctmethods.cpp">
      <Filter>Source Files</Filter>
    </ClCompile>
    <ClCompile Include="matlab\flowdevicemethods.cpp">
      <Filter>Source Files</Filter>
    </ClCompile>
    <ClCompile Include="matlab\funcmethods.cpp">
      <Filter>Source Files</Filter>
    </ClCompile>
    <ClCompile Include="matlab\kineticsmethods.cpp">
      <Filter>Source Files</Filter>
    </ClCompile>
    <ClCompile Include="matlab\mixturemethods.cpp">
      <Filter>Source Files</Filter>
    </ClCompile>
    <ClCompile Include="matlab\onedimmethods.cpp">
      <Filter>Source Files</Filter>
    </ClCompile>
    <ClCompile Include="matlab\phasemethods.cpp">
      <Filter>Source Files</Filter>
    </ClCompile>
    <ClCompile Include="matlab\reactormethods.cpp">
      <Filter>Source Files</Filter>
    </ClCompile>
    <ClCompile Include="matlab\reactornetmethods.cpp">
      <Filter>Source Files</Filter>
    </ClCompile>
    <ClCompile Include="matlab\surfmethods.cpp">
      <Filter>Source Files</Filter>
    </ClCompile>
    <ClCompile Include="matlab\thermomethods.cpp">
      <Filter>Source Files</Filter>
    </ClCompile>
    <ClCompile Include="matlab\transportmethods.cpp">
      <Filter>Source Files</Filter>
    </ClCompile>
    <ClCompile Include="matlab\wallmethods.cpp">
      <Filter>Source Files</Filter>
    </ClCompile>
    <ClCompile Include="matlab\xmlmethods.cpp">
      <Filter>Source Files</Filter>
    </ClCompile>
    <ClCompile Include="numerics\BandMatrix.cpp">
      <Filter>Source Files</Filter>
    </ClCompile>
    <ClCompile Include="numerics\CVodesIntegrator.cpp">
      <Filter>Source Files</Filter>
    </ClCompile>
    <ClCompile Include="numerics\DAE_solvers.cpp">
      <Filter>Source Files</Filter>
    </ClCompile>
    <ClCompile Include="numerics\DenseMatrix.cpp">
      <Filter>Source Files</Filter>
    </ClCompile>
    <ClCompile Include="numerics\Func1.cpp">
      <Filter>Source Files</Filter>
    </ClCompile>
    <ClCompile Include="numerics\funcs.cpp">
      <Filter>Source Files</Filter>
    </ClCompile>
    <ClCompile Include="numerics\GeneralMatrix.cpp">
      <Filter>Source Files</Filter>
    </ClCompile>
    <ClCompile Include="numerics\IDA_Solver.cpp">
      <Filter>Source Files</Filter>
    </ClCompile>
    <ClCompile Include="numerics\ODE_integrators.cpp">
      <Filter>Source Files</Filter>
    </ClCompile>
    <ClCompile Include="numerics\polyfit.cpp">
      <Filter>Source Files</Filter>
    </ClCompile>
    <ClCompile Include="numerics\ResidJacEval.cpp">
      <Filter>Source Files</Filter>
    </ClCompile>
    <ClCompile Include="numerics\RootFind.cpp">
      <Filter>Source Files</Filter>
    </ClCompile>
    <ClCompile Include="numerics\SquareMatrix.cpp">
      <Filter>Source Files</Filter>
    </ClCompile>
    <ClCompile Include="oned\boundaries1D.cpp">
      <Filter>Source Files</Filter>
    </ClCompile>
    <ClCompile Include="oned\Domain1D.cpp">
      <Filter>Source Files</Filter>
    </ClCompile>
    <ClCompile Include="oned\MultiJac.cpp">
      <Filter>Source Files</Filter>
    </ClCompile>
    <ClCompile Include="oned\MultiNewton.cpp">
      <Filter>Source Files</Filter>
    </ClCompile>
    <ClCompile Include="oned\OneDim.cpp">
      <Filter>Source Files</Filter>
    </ClCompile>
    <ClCompile Include="oned\refine.cpp">
      <Filter>Source Files</Filter>
    </ClCompile>
    <ClCompile Include="oned\Sim1D.cpp">
      <Filter>Source Files</Filter>
    </ClCompile>
    <ClCompile Include="oned\StFlow.cpp">
      <Filter>Source Files</Filter>
    </ClCompile>
    <ClCompile Include="thermo\ConstCpPoly.cpp">
      <Filter>Source Files</Filter>
    </ClCompile>
    <ClCompile Include="thermo\ConstDensityThermo.cpp">
      <Filter>Source Files</Filter>
    </ClCompile>
    <ClCompile Include="thermo\DebyeHuckel.cpp">
      <Filter>Source Files</Filter>
    </ClCompile>
    <ClCompile Include="thermo\Elements.cpp">
      <Filter>Source Files</Filter>
    </ClCompile>
    <ClCompile Include="thermo\FixedChemPotSSTP.cpp">
      <Filter>Source Files</Filter>
    </ClCompile>
    <ClCompile Include="thermo\GeneralSpeciesThermo.cpp">
      <Filter>Source Files</Filter>
    </ClCompile>
    <ClCompile Include="thermo\GibbsExcessVPSSTP.cpp">
      <Filter>Source Files</Filter>
    </ClCompile>
    <ClCompile Include="thermo\HMWSoln.cpp">
      <Filter>Source Files</Filter>
    </ClCompile>
    <ClCompile Include="thermo\HMWSoln_input.cpp">
      <Filter>Source Files</Filter>
    </ClCompile>
    <ClCompile Include="thermo\IdealGasPhase.cpp">
      <Filter>Source Files</Filter>
    </ClCompile>
    <ClCompile Include="thermo\IdealMolalSoln.cpp">
      <Filter>Source Files</Filter>
    </ClCompile>
    <ClCompile Include="thermo\IdealSolidSolnPhase.cpp">
      <Filter>Source Files</Filter>
    </ClCompile>
    <ClCompile Include="thermo\IdealSolnGasVPSS.cpp">
      <Filter>Source Files</Filter>
    </ClCompile>
    <ClCompile Include="thermo\IonsFromNeutralVPSSTP.cpp">
      <Filter>Source Files</Filter>
    </ClCompile>
    <ClCompile Include="thermo\LatticePhase.cpp">
      <Filter>Source Files</Filter>
    </ClCompile>
    <ClCompile Include="thermo\LatticeSolidPhase.cpp">
      <Filter>Source Files</Filter>
    </ClCompile>
    <ClCompile Include="thermo\MargulesVPSSTP.cpp">
      <Filter>Source Files</Filter>
    </ClCompile>
    <ClCompile Include="thermo\MaskellSolidSolnPhase.cpp">
      <Filter>Source Files</Filter>
    </ClCompile>
    <ClCompile Include="thermo\MetalSHEelectrons.cpp">
      <Filter>Source Files</Filter>
    </ClCompile>
    <ClCompile Include="thermo\MineralEQ3.cpp">
      <Filter>Source Files</Filter>
    </ClCompile>
    <ClCompile Include="thermo\MixedSolventElectrolyte.cpp">
      <Filter>Source Files</Filter>
    </ClCompile>
    <ClCompile Include="thermo\MixtureFugacityTP.cpp">
      <Filter>Source Files</Filter>
    </ClCompile>
    <ClCompile Include="thermo\MolalityVPSSTP.cpp">
      <Filter>Source Files</Filter>
    </ClCompile>
    <ClCompile Include="thermo\MolarityIonicVPSSTP.cpp">
      <Filter>Source Files</Filter>
    </ClCompile>
    <ClCompile Include="thermo\Mu0Poly.cpp">
      <Filter>Source Files</Filter>
    </ClCompile>
    <ClCompile Include="thermo\Nasa9Poly1.cpp">
      <Filter>Source Files</Filter>
    </ClCompile>
    <ClCompile Include="thermo\Nasa9PolyMultiTempRegion.cpp">
      <Filter>Source Files</Filter>
    </ClCompile>
    <ClCompile Include="thermo\NasaPoly2.cpp">
      <Filter>Source Files</Filter>
    </ClCompile>
    <ClCompile Include="thermo\PDSS.cpp">
      <Filter>Source Files</Filter>
    </ClCompile>
    <ClCompile Include="thermo\PDSS_ConstVol.cpp">
      <Filter>Source Files</Filter>
    </ClCompile>
    <ClCompile Include="thermo\PDSS_HKFT.cpp">
      <Filter>Source Files</Filter>
    </ClCompile>
    <ClCompile Include="thermo\PDSS_IdealGas.cpp">
      <Filter>Source Files</Filter>
    </ClCompile>
    <ClCompile Include="thermo\PDSS_IonsFromNeutral.cpp">
      <Filter>Source Files</Filter>
    </ClCompile>
    <ClCompile Include="thermo\PDSS_SSVol.cpp">
      <Filter>Source Files</Filter>
    </ClCompile>
    <ClCompile Include="thermo\PDSS_Water.cpp">
      <Filter>Source Files</Filter>
    </ClCompile>
    <ClCompile Include="thermo\Phase.cpp">
      <Filter>Source Files</Filter>
    </ClCompile>
    <ClCompile Include="thermo\PhaseCombo_Interaction.cpp">
      <Filter>Source Files</Filter>
    </ClCompile>
    <ClCompile Include="thermo\PureFluidPhase.cpp">
      <Filter>Source Files</Filter>
    </ClCompile>
    <ClCompile Include="thermo\RedlichKisterVPSSTP.cpp">
      <Filter>Source Files</Filter>
    </ClCompile>
    <ClCompile Include="thermo\RedlichKwongMFTP.cpp">
      <Filter>Source Files</Filter>
    </ClCompile>
    <ClCompile Include="thermo\SemiconductorPhase.cpp">
      <Filter>Source Files</Filter>
    </ClCompile>
    <ClCompile Include="thermo\SingleSpeciesTP.cpp">
      <Filter>Source Files</Filter>
    </ClCompile>
    <ClCompile Include="thermo\Species.cpp">
      <Filter>Source Files</Filter>
    </ClCompile>
    <ClCompile Include="thermo\SpeciesThermo.cpp">
      <Filter>Source Files</Filter>
    </ClCompile>
    <ClCompile Include="thermo\SpeciesThermoFactory.cpp">
      <Filter>Source Files</Filter>
    </ClCompile>
    <ClCompile Include="thermo\SpeciesThermoInterpType.cpp">
      <Filter>Source Files</Filter>
    </ClCompile>
    <ClCompile Include="thermo\StoichSubstance.cpp">
      <Filter>Source Files</Filter>
    </ClCompile>
    <ClCompile Include="thermo\SurfPhase.cpp">
      <Filter>Source Files</Filter>
    </ClCompile>
    <ClCompile Include="thermo\ThermoFactory.cpp">
      <Filter>Source Files</Filter>
    </ClCompile>
    <ClCompile Include="thermo\ThermoPhase.cpp">
      <Filter>Source Files</Filter>
    </ClCompile>
    <ClCompile Include="thermo\VPSSMgr.cpp">
      <Filter>Source Files</Filter>
    </ClCompile>
    <ClCompile Include="thermo\VPSSMgrFactory.cpp">
      <Filter>Source Files</Filter>
    </ClCompile>
    <ClCompile Include="thermo\VPSSMgr_ConstVol.cpp">
      <Filter>Source Files</Filter>
    </ClCompile>
    <ClCompile Include="thermo\VPSSMgr_General.cpp">
      <Filter>Source Files</Filter>
    </ClCompile>
    <ClCompile Include="thermo\VPSSMgr_IdealGas.cpp">
      <Filter>Source Files</Filter>
    </ClCompile>
    <ClCompile Include="thermo\VPSSMgr_Water_ConstVol.cpp">
      <Filter>Source Files</Filter>
    </ClCompile>
    <ClCompile Include="thermo\VPSSMgr_Water_HKFT.cpp">
      <Filter>Source Files</Filter>
    </ClCompile>
    <ClCompile Include="thermo\VPStandardStateTP.cpp">
      <Filter>Source Files</Filter>
    </ClCompile>
    <ClCompile Include="thermo\WaterProps.cpp">
      <Filter>Source Files</Filter>
    </ClCompile>
    <ClCompile Include="thermo\WaterPropsIAPWS.cpp">
      <Filter>Source Files</Filter>
    </ClCompile>
    <ClCompile Include="thermo\WaterPropsIAPWSphi.cpp">
      <Filter>Source Files</Filter>
    </ClCompile>
    <ClCompile Include="thermo\WaterSSTP.cpp">
      <Filter>Source Files</Filter>
    </ClCompile>
    <ClCompile Include="tpx\CarbonDioxide.cpp">
      <Filter>Source Files</Filter>
    </ClCompile>
    <ClCompile Include="tpx\Heptane.cpp">
      <Filter>Source Files</Filter>
    </ClCompile>
    <ClCompile Include="tpx\HFC134a.cpp">
      <Filter>Source Files</Filter>
    </ClCompile>
    <ClCompile Include="tpx\Hydrogen.cpp">
      <Filter>Source Files</Filter>
    </ClCompile>
    <ClCompile Include="tpx\lk.cpp">
      <Filter>Source Files</Filter>
    </ClCompile>
    <ClCompile Include="tpx\Methane.cpp">
      <Filter>Source Files</Filter>
    </ClCompile>
    <ClCompile Include="tpx\Nitrogen.cpp">
      <Filter>Source Files</Filter>
    </ClCompile>
    <ClCompile Include="tpx\Oxygen.cpp">
      <Filter>Source Files</Filter>
    </ClCompile>
    <ClCompile Include="tpx\RedlichKwong.cpp">
      <Filter>Source Files</Filter>
    </ClCompile>
    <ClCompile Include="tpx\Sub.cpp">
      <Filter>Source Files</Filter>
    </ClCompile>
    <ClCompile Include="tpx\utils.cpp">
      <Filter>Source Files</Filter>
    </ClCompile>
    <ClCompile Include="tpx\Water.cpp">
      <Filter>Source Files</Filter>
    </ClCompile>
    <ClCompile Include="transport\DustyGasTransport.cpp">
      <Filter>Source Files</Filter>
    </ClCompile>
    <ClCompile Include="transport\GasTransport.cpp">
      <Filter>Source Files</Filter>
    </ClCompile>
    <ClCompile Include="transport\HighPressureGasTransport.cpp">
      <Filter>Source Files</Filter>
    </ClCompile>
    <ClCompile Include="transport\LiquidTranInteraction.cpp">
      <Filter>Source Files</Filter>
    </ClCompile>
    <ClCompile Include="transport\LiquidTransport.cpp">
      <Filter>Source Files</Filter>
    </ClCompile>
    <ClCompile Include="transport\LiquidTransportData.cpp">
      <Filter>Source Files</Filter>
    </ClCompile>
    <ClCompile Include="transport\LiquidTransportParams.cpp">
      <Filter>Source Files</Filter>
    </ClCompile>
    <ClCompile Include="transport\LTPspecies.cpp">
      <Filter>Source Files</Filter>
    </ClCompile>
    <ClCompile Include="transport\MixTransport.cpp">
      <Filter>Source Files</Filter>
    </ClCompile>
    <ClCompile Include="transport\MMCollisionInt.cpp">
      <Filter>Source Files</Filter>
    </ClCompile>
    <ClCompile Include="transport\MultiTransport.cpp">
      <Filter>Source Files</Filter>
    </ClCompile>
    <ClCompile Include="transport\SimpleTransport.cpp">
      <Filter>Source Files</Filter>
    </ClCompile>
    <ClCompile Include="transport\SolidTransport.cpp">
      <Filter>Source Files</Filter>
    </ClCompile>
    <ClCompile Include="transport\SolidTransportData.cpp">
      <Filter>Source Files</Filter>
    </ClCompile>
    <ClCompile Include="transport\TransportBase.cpp">
      <Filter>Source Files</Filter>
    </ClCompile>
    <ClCompile Include="transport\TransportData.cpp">
      <Filter>Source Files</Filter>
    </ClCompile>
    <ClCompile Include="transport\TransportFactory.cpp">
      <Filter>Source Files</Filter>
    </ClCompile>
    <ClCompile Include="transport\TransportParams.cpp">
      <Filter>Source Files</Filter>
    </ClCompile>
    <ClCompile Include="transport\WaterTransport.cpp">
      <Filter>Source Files</Filter>
    </ClCompile>
    <ClCompile Include="zerod\ConstPressureReactor.cpp">
      <Filter>Source Files</Filter>
    </ClCompile>
    <ClCompile Include="zerod\FlowDevice.cpp">
      <Filter>Source Files</Filter>
    </ClCompile>
    <ClCompile Include="zerod\FlowReactor.cpp">
      <Filter>Source Files</Filter>
    </ClCompile>
    <ClCompile Include="zerod\IdealGasConstPressureReactor.cpp">
      <Filter>Source Files</Filter>
    </ClCompile>
    <ClCompile Include="zerod\IdealGasReactor.cpp">
      <Filter>Source Files</Filter>
    </ClCompile>
    <ClCompile Include="zerod\Reactor.cpp">
      <Filter>Source Files</Filter>
    </ClCompile>
    <ClCompile Include="zerod\ReactorBase.cpp">
      <Filter>Source Files</Filter>
    </ClCompile>
    <ClCompile Include="zerod\ReactorFactory.cpp">
      <Filter>Source Files</Filter>
    </ClCompile>
    <ClCompile Include="zerod\ReactorNet.cpp">
      <Filter>Source Files</Filter>
    </ClCompile>
    <ClCompile Include="zerod\Wall.cpp">
      <Filter>Source Files</Filter>
    </ClCompile>
  </ItemGroup>
  <ItemGroup>
    <ClInclude Include="base\application.h">
      <Filter>Header Files</Filter>
    </ClInclude>
    <ClInclude Include="base\units.h">
      <Filter>Header Files</Filter>
    </ClInclude>
    <ClInclude Include="clib\Cabinet.h">
      <Filter>Header Files</Filter>
    </ClInclude>
    <ClInclude Include="clib\clib_defs.h">
      <Filter>Header Files</Filter>
    </ClInclude>
    <ClInclude Include="clib\ct.h">
      <Filter>Header Files</Filter>
    </ClInclude>
    <ClInclude Include="clib\ctbdry.h">
      <Filter>Header Files</Filter>
    </ClInclude>
    <ClInclude Include="clib\ctfunc.h">
      <Filter>Header Files</Filter>
    </ClInclude>
    <ClInclude Include="clib\ctmultiphase.h">
      <Filter>Header Files</Filter>
    </ClInclude>
    <ClInclude Include="clib\ctonedim.h">
      <Filter>Header Files</Filter>
    </ClInclude>
    <ClInclude Include="clib\ctreactor.h">
      <Filter>Header Files</Filter>
    </ClInclude>
    <ClInclude Include="clib\ctrpath.h">
      <Filter>Header Files</Filter>
    </ClInclude>
    <ClInclude Include="clib\ctsurf.h">
      <Filter>Header Files</Filter>
    </ClInclude>
    <ClInclude Include="clib\ctxml.h">
      <Filter>Header Files</Filter>
    </ClInclude>
    <ClInclude Include="equil\PropertyCalculator.h">
      <Filter>Header Files</Filter>
    </ClInclude>
    <ClInclude Include="matlab\ctmatutils.h">
      <Filter>Header Files</Filter>
    </ClInclude>
    <ClInclude Include="matlab\mllogger.h">
      <Filter>Header Files</Filter>
    </ClInclude>
    <ClInclude Include="thermo\VPSSMgrFactory.h">
      <Filter>Header Files</Filter>
    </ClInclude>
    <ClInclude Include="tpx\CarbonDioxide.h">
      <Filter>Header Files</Filter>
    </ClInclude>
    <ClInclude Include="tpx\Heptane.h">
      <Filter>Header Files</Filter>
    </ClInclude>
    <ClInclude Include="tpx\HFC134a.h">
      <Filter>Header Files</Filter>
    </ClInclude>
    <ClInclude Include="tpx\Hydrogen.h">
      <Filter>Header Files</Filter>
    </ClInclude>
    <ClInclude Include="tpx\lk.h">
      <Filter>Header Files</Filter>
    </ClInclude>
    <ClInclude Include="tpx\Methane.h">
      <Filter>Header Files</Filter>
    </ClInclude>
    <ClInclude Include="tpx\Nitrogen.h">
      <Filter>Header Files</Filter>
    </ClInclude>
    <ClInclude Include="tpx\Oxygen.h">
      <Filter>Header Files</Filter>
    </ClInclude>
    <ClInclude Include="tpx\RedlichKwong.h">
      <Filter>Header Files</Filter>
    </ClInclude>
    <ClInclude Include="tpx\Water.h">
      <Filter>Header Files</Filter>
    </ClInclude>
    <ClInclude Include="transport\MMCollisionInt.h">
      <Filter>Header Files</Filter>
    </ClInclude>
  </ItemGroup>
</Project>